github.com/brunomvsouza/ynab.go v1.5.0 h1:+oUdoy+beb03J5CC7yUQTiirHOhfHZR+Do94NVPzKYo=
github.com/brunomvsouza/ynab.go v1.5.0/go.mod h1:yGYzUARRMvrMMqXGs5hQgOpWbokNZD805hI++KMUpMY=
github.com/jaydenthomson-mantel/up v1.3.0 h1:gwIyhT6aJS2L9I8Xtc3Fl6ssddAVZUdLK5T7LSt/yKA=
github.com/jaydenthomson-mantel/up v1.3.0/go.mod h1:tbfZEAbTHVh8N5U6/DdM3JpY32xyyT+N9Ip4OklWEE8=
